# This file is generated by running "yarn install" inside your project.
# Manual changes might be lost - proceed with caution!

__metadata:
  version: 8
  cacheKey: 10c0

"@prisma/client@npm:^6.11.1":
  version: 6.11.1
  resolution: "@prisma/client@npm:6.11.1"
  peerDependencies:
    prisma: "*"
    typescript: ">=5.1.0"
  peerDependenciesMeta:
    prisma:
      optional: true
    typescript:
      optional: true
  checksum: 10c0/6206ea06c099fbdc47c0bbde84a9d5adfcb333d9c037f000ba87d55efae0a915f74441d3ca20ef8d1542d3c15b6eba970657b96ec5b225afd31f3de585fa2976
  languageName: node
  linkType: hard

"@prisma/config@npm:6.11.1":
  version: 6.11.1
  resolution: "@prisma/config@npm:6.11.1"
  dependencies:
    jiti: "npm:2.4.2"
  checksum: 10c0/0be5bbc89b54bdf5bc6b12b280a8535474e3153c9c473c6d75b886c144bbdddf6abe0970afabd11db3a3ed1f3ac1f7bd4b53f1a775896ef372cb146813023ed3
  languageName: node
  linkType: hard

"@prisma/debug@npm:6.11.1":
  version: 6.11.1
  resolution: "@prisma/debug@npm:6.11.1"
  checksum: 10c0/43d7152ecdca6fdd40a5fa82836e3f3b51c340ecb92e24407657f9e5126d57882d97980c9b8a7522c608ee95a86a78951fc4406e0a22c46cfc823db06b724cd4
  languageName: node
  linkType: hard

"@prisma/engines-version@npm:6.11.1-1.f40f79ec31188888a2e33acda0ecc8fd10a853a9":
  version: 6.11.1-1.f40f79ec31188888a2e33acda0ecc8fd10a853a9
  resolution: "@prisma/engines-version@npm:6.11.1-1.f40f79ec31188888a2e33acda0ecc8fd10a853a9"
  checksum: 10c0/20495626c8944eda599e876e5f2818a688ac2d2bce3084aa9c500cc83be20951cde903ca26a7f01342ed2a26093c7286134bcae842625a4bd9976a6be4277c6d
  languageName: node
  linkType: hard

"@prisma/engines@npm:6.11.1":
  version: 6.11.1
  resolution: "@prisma/engines@npm:6.11.1"
  dependencies:
    "@prisma/debug": "npm:6.11.1"
    "@prisma/engines-version": "npm:6.11.1-1.f40f79ec31188888a2e33acda0ecc8fd10a853a9"
    "@prisma/fetch-engine": "npm:6.11.1"
    "@prisma/get-platform": "npm:6.11.1"
  checksum: 10c0/6c38385c915ee2803f9a33413d8f123569f021a24a649b8cbc5d2f4b0bb36e9dc8d417e6a5a32b99ab57f09c0c551a380c1f9c9e16bca663ff67e03f9b46b9d2
  languageName: node
  linkType: hard

"@prisma/fetch-engine@npm:6.11.1":
  version: 6.11.1
  resolution: "@prisma/fetch-engine@npm:6.11.1"
  dependencies:
    "@prisma/debug": "npm:6.11.1"
    "@prisma/engines-version": "npm:6.11.1-1.f40f79ec31188888a2e33acda0ecc8fd10a853a9"
    "@prisma/get-platform": "npm:6.11.1"
  checksum: 10c0/6844240ef4a82dbc2a44c9cf5f049670384c4ccd32335a100b84f0e98085f077be90e8e6e9606765559bfaa6fc3ebef0d1b846e7255f0b14feb1258e47e38b67
  languageName: node
  linkType: hard

"@prisma/get-platform@npm:6.11.1":
  version: 6.11.1
  resolution: "@prisma/get-platform@npm:6.11.1"
  dependencies:
    "@prisma/debug": "npm:6.11.1"
  checksum: 10c0/57f7bf9b7efa0581b6bdc3a2d09658b378de2284904fd3e5109b790f2562ef63d8cd3440a93dce19f56faa6582e25610d212697bfb03f25ec5ef96a58406a3c7
  languageName: node
  linkType: hard

"jiti@npm:2.4.2":
  version: 2.4.2
  resolution: "jiti@npm:2.4.2"
  bin:
    jiti: lib/jiti-cli.mjs
  checksum: 10c0/4ceac133a08c8faff7eac84aabb917e85e8257f5ad659e843004ce76e981c457c390a220881748ac67ba1b940b9b729b30fb85cbaf6e7989f04b6002c94da331
  languageName: node
  linkType: hard

"orm@workspace:.":
  version: 0.0.0-use.local
  resolution: "orm@workspace:."
  dependencies:
    "@prisma/client": "npm:^6.11.1"
    prisma: "npm:^6.11.1"
  languageName: unknown
  linkType: soft

"prisma@npm:^6.11.1":
  version: 6.11.1
  resolution: "prisma@npm:6.11.1"
  dependencies:
    "@prisma/config": "npm:6.11.1"
    "@prisma/engines": "npm:6.11.1"
  peerDependencies:
    typescript: ">=5.1.0"
  peerDependenciesMeta:
    typescript:
      optional: true
  bin:
    prisma: build/index.js
  checksum: 10c0/dab999d21a6fc2d3cacfcb2ff114f43266f58b87c2eee743ce4eeeb47146e6b87b3963f28d9544e236620e3dfb770baf61683ee058fdf6f76a7a23d2df2e81e5
  languageName: node
  linkType: hard
